// !$*UTF8*$!
{
	archiveVersion = 1;
	classes = {
	};
	objectVersion = 56;
	objects = {

/* Begin PBXBuildFile section */
		D269646F2A8E27F7002B3EAC /* AppDelegate.swift in Sources */ = {isa = PBXBuildFile; fileRef = D269646E2A8E27F7002B3EAC /* AppDelegate.swift */; };
		D26964712A8E27F7002B3EAC /* SceneDelegate.swift in Sources */ = {isa = PBXBuildFile; fileRef = D26964702A8E27F7002B3EAC /* SceneDelegate.swift */; };
		D26964732A8E27F7002B3EAC /* ViewController.swift in Sources */ = {isa = PBXBuildFile; fileRef = D26964722A8E27F7002B3EAC /* ViewController.swift */; };
		D26964782A8E27F9002B3EAC /* Assets.xcassets in Resources */ = {isa = PBXBuildFile; fileRef = D26964772A8E27F9002B3EAC /* Assets.xcassets */; };
		D269647B2A8E27F9002B3EAC /* LaunchScreen.storyboard in Resources */ = {isa = PBXBuildFile; fileRef = D26964792A8E27F9002B3EAC /* LaunchScreen.storyboard */; };
		D26964862A8E27F9002B3EAC /* dicTests.swift in Sources */ = {isa = PBXBuildFile; fileRef = D26964852A8E27F9002B3EAC /* dicTests.swift */; };
		D26964902A8E27F9002B3EAC /* dicUITests.swift in Sources */ = {isa = PBXBuildFile; fileRef = D269648F2A8E27F9002B3EAC /* dicUITests.swift */; };
		D26964922A8E27F9002B3EAC /* dicUITestsLaunchTests.swift in Sources */ = {isa = PBXBuildFile; fileRef = D26964912A8E27F9002B3EAC /* dicUITestsLaunchTests.swift */; };
		D26964A02A8E283A002B3EAC /* SnapKit in Frameworks */ = {isa = PBXBuildFile; productRef = D269649F2A8E283A002B3EAC /* SnapKit */; };
		D26964A32A8E2849002B3EAC /* Alamofire in Frameworks */ = {isa = PBXBuildFile; productRef = D26964A22A8E2849002B3EAC /* Alamofire */; };
/* End PBXBuildFile section */

/* Begin PBXContainerItemProxy section */
		D26964822A8E27F9002B3EAC /* PBXContainerItemProxy */ = {
			isa = PBXContainerItemProxy;
			containerPortal = D26964632A8E27F7002B3EAC /* Project object */;
			proxyType = 1;
			remoteGlobalIDString = D269646A2A8E27F7002B3EAC;
			remoteInfo = dic;
		};
		D269648C2A8E27F9002B3EAC /* PBXContainerItemProxy */ = {
			isa = PBXContainerItemProxy;
			containerPortal = D26964632A8E27F7002B3EAC /* Project object */;
			proxyType = 1;
			remoteGlobalIDString = D269646A2A8E27F7002B3EAC;
			remoteInfo = dic;
		};
/* End PBXContainerItemProxy section */

/* Begin PBXFileReference section */
		D269646B2A8E27F7002B3EAC /* dic.app */ = {isa = PBXFileReference; explicitFileType = wrapper.application; includeInIndex = 0; path = dic.app; sourceTree = BUILT_PRODUCTS_DIR; };
		D269646E2A8E27F7002B3EAC /* AppDelegate.swift */ = {isa = PBXFileReference; lastKnownFileType = sourcecode.swift; path = AppDelegate.swift; sourceTree = "<group>"; };
		D26964702A8E27F7002B3EAC /* SceneDelegate.swift */ = {isa = PBXFileReference; lastKnownFileType = sourcecode.swift; path = SceneDelegate.swift; sourceTree = "<group>"; };
		D26964722A8E27F7002B3EAC /* ViewController.swift */ = {isa = PBXFileReference; lastKnownFileType = sourcecode.swift; path = ViewController.swift; sourceTree = "<group>"; };
		D26964772A8E27F9002B3EAC /* Assets.xcassets */ = {isa = PBXFileReference; lastKnownFileType = folder.assetcatalog; path = Assets.xcassets; sourceTree = "<group>"; };
		D269647A2A8E27F9002B3EAC /* Base */ = {isa = PBXFileReference; lastKnownFileType = file.storyboard; name = Base; path = Base.lproj/LaunchScreen.storyboard; sourceTree = "<group>"; };
		D269647C2A8E27F9002B3EAC /* Info.plist */ = {isa = PBXFileReference; lastKnownFileType = text.plist.xml; path = Info.plist; sourceTree = "<group>"; };
		D26964812A8E27F9002B3EAC /* dicTests.xctest */ = {isa = PBXFileReference; explicitFileType = wrapper.cfbundle; includeInIndex = 0; path = dicTests.xctest; sourceTree = BUILT_PRODUCTS_DIR; };
		D26964852A8E27F9002B3EAC /* dicTests.swift */ = {isa = PBXFileReference; lastKnownFileType = sourcecode.swift; path = dicTests.swift; sourceTree = "<group>"; };
		D269648B2A8E27F9002B3EAC /* dicUITests.xctest */ = {isa = PBXFileReference; explicitFileType = wrapper.cfbundle; includeInIndex = 0; path = dicUITests.xctest; sourceTree = BUILT_PRODUCTS_DIR; };
		D269648F2A8E27F9002B3EAC /* dicUITests.swift */ = {isa = PBXFileReference; lastKnownFileType = sourcecode.swift; path = dicUITests.swift; sourceTree = "<group>"; };
		D26964912A8E27F9002B3EAC /* dicUITestsLaunchTests.swift */ = {isa = PBXFileReference; lastKnownFileType = sourcecode.swift; path = dicUITestsLaunchTests.swift; sourceTree = "<group>"; };
/* End PBXFileReference section */

/* Begin PBXFrameworksBuildPhase section */
		D26964682A8E27F7002B3EAC /* Frameworks */ = {
			isa = PBXFrameworksBuildPhase;
			buildActionMask = 2147483647;
			files = (
				D26964A02A8E283A002B3EAC /* SnapKit in Frameworks */,
				D26964A32A8E2849002B3EAC /* Alamofire in Frameworks */,
			);
			runOnlyForDeploymentPostprocessing = 0;
		};
		D269647E2A8E27F9002B3EAC /* Frameworks */ = {
			isa = PBXFrameworksBuildPhase;
			buildActionMask = 2147483647;
			files = (
			);
			runOnlyForDeploymentPostprocessing = 0;
		};
		D26964882A8E27F9002B3EAC /* Frameworks */ = {
			isa = PBXFrameworksBuildPhase;
			buildActionMask = 2147483647;
			files = (
			);
			runOnlyForDeploymentPostprocessing = 0;
		};
/* End PBXFrameworksBuildPhase section */

/* Begin PBXGroup section */
		D26964622A8E27F7002B3EAC = {
			isa = PBXGroup;
			children = (
				D269646D2A8E27F7002B3EAC /* dic */,
				D26964842A8E27F9002B3EAC /* dicTests */,
				D269648E2A8E27F9002B3EAC /* dicUITests */,
				D269646C2A8E27F7002B3EAC /* Products */,
			);
			sourceTree = "<group>";
		};
		D269646C2A8E27F7002B3EAC /* Products */ = {
			isa = PBXGroup;
			children = (
				D269646B2A8E27F7002B3EAC /* dic.app */,
				D26964812A8E27F9002B3EAC /* dicTests.xctest */,
				D269648B2A8E27F9002B3EAC /* dicUITests.xctest */,
			);
			name = Products;
			sourceTree = "<group>";
		};
		D269646D2A8E27F7002B3EAC /* dic */ = {
			isa = PBXGroup;
			children = (
				D269646E2A8E27F7002B3EAC /* AppDelegate.swift */,
				D26964702A8E27F7002B3EAC /* SceneDelegate.swift */,
				D26964722A8E27F7002B3EAC /* ViewController.swift */,
				D26964772A8E27F9002B3EAC /* Assets.xcassets */,
				D26964792A8E27F9002B3EAC /* LaunchScreen.storyboard */,
				D269647C2A8E27F9002B3EAC /* Info.plist */,
			);
			path = dic;
			sourceTree = "<group>";
		};
		D26964842A8E27F9002B3EAC /* dicTests */ = {
			isa = PBXGroup;
			children = (
				D26964852A8E27F9002B3EAC /* dicTests.swift */,
			);
			path = dicTests;
			sourceTree = "<group>";
		};
		D269648E2A8E27F9002B3EAC /* dicUITests */ = {
			isa = PBXGroup;
			children = (
				D269648F2A8E27F9002B3EAC /* dicUITests.swift */,
				D26964912A8E27F9002B3EAC /* dicUITestsLaunchTests.swift */,
			);
			path = dicUITests;
			sourceTree = "<group>";
		};
/* End PBXGroup section */

/* Begin PBXNativeTarget section */
		D269646A2A8E27F7002B3EAC /* dic */ = {
			isa = PBXNativeTarget;
			buildConfigurationList = D26964952A8E27F9002B3EAC /* Build configuration list for PBXNativeTarget "dic" */;
			buildPhases = (
				D26964672A8E27F7002B3EAC /* Sources */,
				D26964682A8E27F7002B3EAC /* Frameworks */,
				D26964692A8E27F7002B3EAC /* Resources */,
			);
			buildRules = (
			);
			dependencies = (
			);
			name = dic;
			packageProductDependencies = (
				D269649F2A8E283A002B3EAC /* SnapKit */,
				D26964A22A8E2849002B3EAC /* Alamofire */,
			);
			productName = dic;
			productReference = D269646B2A8E27F7002B3EAC /* dic.app */;
			productType = "com.apple.product-type.application";
		};
		D26964802A8E27F9002B3EAC /* dicTests */ = {
			isa = PBXNativeTarget;
			buildConfigurationList = D26964982A8E27F9002B3EAC /* Build configuration list for PBXNativeTarget "dicTests" */;
			buildPhases = (
				D269647D2A8E27F9002B3EAC /* Sources */,
				D269647E2A8E27F9002B3EAC /* Frameworks */,
				D269647F2A8E27F9002B3EAC /* Resources */,
			);
			buildRules = (
			);
			dependencies = (
				D26964832A8E27F9002B3EAC /* PBXTargetDependency */,
			);
			name = dicTests;
			productName = dicTests;
			productReference = D26964812A8E27F9002B3EAC /* dicTests.xctest */;
			productType = "com.apple.product-type.bundle.unit-test";
		};
		D269648A2A8E27F9002B3EAC /* dicUITests */ = {
			isa = PBXNativeTarget;
			buildConfigurationList = D269649B2A8E27F9002B3EAC /* Build configuration list for PBXNativeTarget "dicUITests" */;
			buildPhases = (
				D26964872A8E27F9002B3EAC /* Sources */,
				D26964882A8E27F9002B3EAC /* Frameworks */,
				D26964892A8E27F9002B3EAC /* Resources */,
			);
			buildRules = (
			);
			dependencies = (
				D269648D2A8E27F9002B3EAC /* PBXTargetDependency */,
			);
			name = dicUITests;
			productName = dicUITests;
			productReference = D269648B2A8E27F9002B3EAC /* dicUITests.xctest */;
			productType = "com.apple.product-type.bundle.ui-testing";
		};
/* End PBXNativeTarget section */

/* Begin PBXProject section */
		D26964632A8E27F7002B3EAC /* Project object */ = {
			isa = PBXProject;
			attributes = {
				BuildIndependentTargetsInParallel = 1;
				LastSwiftUpdateCheck = 1420;
				LastUpgradeCheck = 1420;
				TargetAttributes = {
					D269646A2A8E27F7002B3EAC = {
						CreatedOnToolsVersion = 14.2;
					};
					D26964802A8E27F9002B3EAC = {
						CreatedOnToolsVersion = 14.2;
						TestTargetID = D269646A2A8E27F7002B3EAC;
					};
					D269648A2A8E27F9002B3EAC = {
						CreatedOnToolsVersion = 14.2;
						TestTargetID = D269646A2A8E27F7002B3EAC;
					};
				};
			};
			buildConfigurationList = D26964662A8E27F7002B3EAC /* Build configuration list for PBXProject "dic" */;
			compatibilityVersion = "Xcode 14.0";
			developmentRegion = en;
			hasScannedForEncodings = 0;
			knownRegions = (
				en,
				Base,
			);
			mainGroup = D26964622A8E27F7002B3EAC;
			packageReferences = (
				D269649E2A8E283A002B3EAC /* XCRemoteSwiftPackageReference "SnapKit" */,
				D26964A12A8E2849002B3EAC /* XCRemoteSwiftPackageReference "Alamofire" */,
			);
			productRefGroup = D269646C2A8E27F7002B3EAC /* Products */;
			projectDirPath = "";
			projectRoot = "";
			targets = (
				D269646A2A8E27F7002B3EAC /* dic */,
				D26964802A8E27F9002B3EAC /* dicTests */,
				D269648A2A8E27F9002B3EAC /* dicUITests */,
			);
		};
/* End PBXProject section */

/* Begin PBXResourcesBuildPhase section */
		D26964692A8E27F7002B3EAC /* Resources */ = {
			isa = PBXResourcesBuildPhase;
			buildActionMask = 2147483647;
			files = (
				D269647B2A8E27F9002B3EAC /* LaunchScreen.storyboard in Resources */,
				D26964782A8E27F9002B3EAC /* Assets.xcassets in Resources */,
			);
			runOnlyForDeploymentPostprocessing = 0;
		};
		D269647F2A8E27F9002B3EAC /* Resources */ = {
			isa = PBXResourcesBuildPhase;
			buildActionMask = 2147483647;
			files = (
			);
			runOnlyForDeploymentPostprocessing = 0;
		};
		D26964892A8E27F9002B3EAC /* Resources */ = {
			isa = PBXResourcesBuildPhase;
			buildActionMask = 2147483647;
			files = (
			);
			runOnlyForDeploymentPostprocessing = 0;
		};
/* End PBXResourcesBuildPhase section */

/* Begin PBXSourcesBuildPhase section */
		D26964672A8E27F7002B3EAC /* Sources */ = {
			isa = PBXSourcesBuildPhase;
			buildActionMask = 2147483647;
			files = (
				D26964732A8E27F7002B3EAC /* ViewController.swift in Sources */,
				D269646F2A8E27F7002B3EAC /* AppDelegate.swift in Sources */,
				D26964712A8E27F7002B3EAC /* SceneDelegate.swift in Sources */,
			);
			runOnlyForDeploymentPostprocessing = 0;
		};
		D269647D2A8E27F9002B3EAC /* Sources */ = {
			isa = PBXSourcesBuildPhase;
			buildActionMask = 2147483647;
			files = (
				D26964862A8E27F9002B3EAC /* dicTests.swift in Sources */,
			);
			runOnlyForDeploymentPostprocessing = 0;
		};
		D26964872A8E27F9002B3EAC /* Sources */ = {
			isa = PBXSourcesBuildPhase;
			buildActionMask = 2147483647;
			files = (
				D26964902A8E27F9002B3EAC /* dicUITests.swift in Sources */,
				D26964922A8E27F9002B3EAC /* dicUITestsLaunchTests.swift in Sources */,
			);
			runOnlyForDeploymentPostprocessing = 0;
		};
/* End PBXSourcesBuildPhase section */

/* Begin PBXTargetDependency section */
		D26964832A8E27F9002B3EAC /* PBXTargetDependency */ = {
			isa = PBXTargetDependency;
			target = D269646A2A8E27F7002B3EAC /* dic */;
			targetProxy = D26964822A8E27F9002B3EAC /* PBXContainerItemProxy */;
		};
		D269648D2A8E27F9002B3EAC /* PBXTargetDependency */ = {
			isa = PBXTargetDependency;
			target = D269646A2A8E27F7002B3EAC /* dic */;
			targetProxy = D269648C2A8E27F9002B3EAC /* PBXContainerItemProxy */;
		};
/* End PBXTargetDependency section */

/* Begin PBXVariantGroup section */
		D26964792A8E27F9002B3EAC /* LaunchScreen.storyboard */ = {
			isa = PBXVariantGroup;
			children = (
				D269647A2A8E27F9002B3EAC /* Base */,
			);
			name = LaunchScreen.storyboard;
			sourceTree = "<group>";
		};
/* End PBXVariantGroup section */

/* Begin XCBuildConfiguration section */
		D26964932A8E27F9002B3EAC /* Debug */ = {
			isa = XCBuildConfiguration;
			buildSettings = {
				ALWAYS_SEARCH_USER_PATHS = NO;
				CLANG_ANALYZER_NONNULL = YES;
				CLANG_ANALYZER_NUMBER_OBJECT_CONVERSION = YES_AGGRESSIVE;
				CLANG_CXX_LANGUAGE_STANDARD = "gnu++20";
				CLANG_ENABLE_MODULES = YES;
				CLANG_ENABLE_OBJC_ARC = YES;
				CLANG_ENABLE_OBJC_WEAK = YES;
				CLANG_WARN_BLOCK_CAPTURE_AUTORELEASING = YES;
				CLANG_WARN_BOOL_CONVERSION = YES;
				CLANG_WARN_COMMA = YES;
				CLANG_WARN_CONSTANT_CONVERSION = YES;
				CLANG_WARN_DEPRECATED_OBJC_IMPLEMENTATIONS = YES;
				CLANG_WARN_DIRECT_OBJC_ISA_USAGE = YES_ERROR;
				CLANG_WARN_DOCUMENTATION_COMMENTS = YES;
				CLANG_WARN_EMPTY_BODY = YES;
				CLANG_WARN_ENUM_CONVERSION = YES;
				CLANG_WARN_INFINITE_RECURSION = YES;
				CLANG_WARN_INT_CONVERSION = YES;
				CLANG_WARN_NON_LITERAL_NULL_CONVERSION = YES;
				CLANG_WARN_OBJC_IMPLICIT_RETAIN_SELF = YES;
				CLANG_WARN_OBJC_LITERAL_CONVERSION = YES;
				CLANG_WARN_OBJC_ROOT_CLASS = YES_ERROR;
				CLANG_WARN_QUOTED_INCLUDE_IN_FRAMEWORK_HEADER = YES;
				CLANG_WARN_RANGE_LOOP_ANALYSIS = YES;
				CLANG_WARN_STRICT_PROTOTYPES = YES;
				CLANG_WARN_SUSPICIOUS_MOVE = YES;
				CLANG_WARN_UNGUARDED_AVAILABILITY = YES_AGGRESSIVE;
				CLANG_WARN_UNREACHABLE_CODE = YES;
				CLANG_WARN__DUPLICATE_METHOD_MATCH = YES;
				COPY_PHASE_STRIP = NO;
				DEBUG_INFORMATION_FORMAT = dwarf;
				ENABLE_STRICT_OBJC_MSGSEND = YES;
				ENABLE_TESTABILITY = YES;
				GCC_C_LANGUAGE_STANDARD = gnu11;
				GCC_DYNAMIC_NO_PIC = NO;
				GCC_NO_COMMON_BLOCKS = YES;
				GCC_OPTIMIZATION_LEVEL = 0;
				GCC_PREPROCESSOR_DEFINITIONS = (
					"DEBUG=1",
					"$(inherited)",
				);
				GCC_WARN_64_TO_32_BIT_CONVERSION = YES;
				GCC_WARN_ABOUT_RETURN_TYPE = YES_ERROR;
				GCC_WARN_UNDECLARED_SELECTOR = YES;
				GCC_WARN_UNINITIALIZED_AUTOS = YES_AGGRESSIVE;
				GCC_WARN_UNUSED_FUNCTION = YES;
				GCC_WARN_UNUSED_VARIABLE = YES;
				IPHONEOS_DEPLOYMENT_TARGET = 16.2;
				MTL_ENABLE_DEBUG_INFO = INCLUDE_SOURCE;
				MTL_FAST_MATH = YES;
				ONLY_ACTIVE_ARCH = YES;
				SDKROOT = iphoneos;
				SWIFT_ACTIVE_COMPILATION_CONDITIONS = DEBUG;
				SWIFT_OPTIMIZATION_LEVEL = "-Onone";
			};
			name = Debug;
		};
		D26964942A8E27F9002B3EAC /* Release */ = {
			isa = XCBuildConfiguration;
			buildSettings = {
				ALWAYS_SEARCH_USER_PATHS = NO;
				CLANG_ANALYZER_NONNULL = YES;
				CLANG_ANALYZER_NUMBER_OBJECT_CONVERSION = YES_AGGRESSIVE;
				CLANG_CXX_LANGUAGE_STANDARD = "gnu++20";
				CLANG_ENABLE_MODULES = YES;
				CLANG_ENABLE_OBJC_ARC = YES;
				CLANG_ENABLE_OBJC_WEAK = YES;
				CLANG_WARN_BLOCK_CAPTURE_AUTORELEASING = YES;
				CLANG_WARN_BOOL_CONVERSION = YES;
				CLANG_WARN_COMMA = YES;
				CLANG_WARN_CONSTANT_CONVERSION = YES;
				CLANG_WARN_DEPRECATED_OBJC_IMPLEMENTATIONS = YES;
				CLANG_WARN_DIRECT_OBJC_ISA_USAGE = YES_ERROR;
				CLANG_WARN_DOCUMENTATION_COMMENTS = YES;
				CLANG_WARN_EMPTY_BODY = YES;
				CLANG_WARN_ENUM_CONVERSION = YES;
				CLANG_WARN_INFINITE_RECURSION = YES;
				CLANG_WARN_INT_CONVERSION = YES;
				CLANG_WARN_NON_LITERAL_NULL_CONVERSION = YES;
				CLANG_WARN_OBJC_IMPLICIT_RETAIN_SELF = YES;
				CLANG_WARN_OBJC_LITERAL_CONVERSION = YES;
				CLANG_WARN_OBJC_ROOT_CLASS = YES_ERROR;
				CLANG_WARN_QUOTED_INCLUDE_IN_FRAMEWORK_HEADER = YES;
				CLANG_WARN_RANGE_LOOP_ANALYSIS = YES;
				CLANG_WARN_STRICT_PROTOTYPES = YES;
				CLANG_WARN_SUSPICIOUS_MOVE = YES;
				CLANG_WARN_UNGUARDED_AVAILABILITY = YES_AGGRESSIVE;
				CLANG_WARN_UNREACHABLE_CODE = YES;
				CLANG_WARN__DUPLICATE_METHOD_MATCH = YES;
				COPY_PHASE_STRIP = NO;
				DEBUG_INFORMATION_FORMAT = "dwarf-with-dsym";
				ENABLE_NS_ASSERTIONS = NO;
				ENABLE_STRICT_OBJC_MSGSEND = YES;
				GCC_C_LANGUAGE_STANDARD = gnu11;
				GCC_NO_COMMON_BLOCKS = YES;
				GCC_WARN_64_TO_32_BIT_CONVERSION = YES;
				GCC_WARN_ABOUT_RETURN_TYPE = YES_ERROR;
				GCC_WARN_UNDECLARED_SELECTOR = YES;
				GCC_WARN_UNINITIALIZED_AUTOS = YES_AGGRESSIVE;
				GCC_WARN_UNUSED_FUNCTION = YES;
				GCC_WARN_UNUSED_VARIABLE = YES;
				IPHONEOS_DEPLOYMENT_TARGET = 16.2;
				MTL_ENABLE_DEBUG_INFO = NO;
				MTL_FAST_MATH = YES;
				SDKROOT = iphoneos;
				SWIFT_COMPILATION_MODE = wholemodule;
				SWIFT_OPTIMIZATION_LEVEL = "-O";
				VALIDATE_PRODUCT = YES;
			};
			name = Release;
		};
		D26964962A8E27F9002B3EAC /* Debug */ = {
			isa = XCBuildConfiguration;
			buildSettings = {
				ASSETCATALOG_COMPILER_APPICON_NAME = AppIcon;
				ASSETCATALOG_COMPILER_GLOBAL_ACCENT_COLOR_NAME = AccentColor;
				CODE_SIGN_STYLE = Automatic;
				CURRENT_PROJECT_VERSION = 1;
				DEVELOPMENT_TEAM = JB68VP3JNR;
				GENERATE_INFOPLIST_FILE = YES;
				INFOPLIST_FILE = dic/Info.plist;
				INFOPLIST_KEY_UIApplicationSupportsIndirectInputEvents = YES;
				INFOPLIST_KEY_UILaunchStoryboardName = LaunchScreen;
				INFOPLIST_KEY_UISupportedInterfaceOrientations_iPad = "UIInterfaceOrientationPortrait UIInterfaceOrientationPortraitUpsideDown UIInterfaceOrientationLandscapeLeft UIInterfaceOrientationLandscapeRight";
				INFOPLIST_KEY_UISupportedInterfaceOrientations_iPhone = "UIInterfaceOrientationPortrait UIInterfaceOrientationLandscapeLeft UIInterfaceOrientationLandscapeRight";
				LD_RUNPATH_SEARCH_PATHS = (
					"$(inherited)",
					"@executable_path/Frameworks",
				);
				MARKETING_VERSION = 1.0;
				PRODUCT_BUNDLE_IDENTIFIER = dsg.dic;
				PRODUCT_NAME = "$(TARGET_NAME)";
				SWIFT_EMIT_LOC_STRINGS = YES;
				SWIFT_VERSION = 5.0;
				TARGETED_DEVICE_FAMILY = "1,2";
			};
			name = Debug;
		};
		D26964972A8E27F9002B3EAC /* Release */ = {
			isa = XCBuildConfiguration;
			buildSettings = {
				ASSETCATALOG_COMPILER_APPICON_NAME = AppIcon;
				ASSETCATALOG_COMPILER_GLOBAL_ACCENT_COLOR_NAME = AccentColor;
				CODE_SIGN_STYLE = Automatic;
				CURRENT_PROJECT_VERSION = 1;
				DEVELOPMENT_TEAM = JB68VP3JNR;
				GENERATE_INFOPLIST_FILE = YES;
				INFOPLIST_FILE = dic/Info.plist;
				INFOPLIST_KEY_UIApplicationSupportsIndirectInputEvents = YES;
				INFOPLIST_KEY_UILaunchStoryboardName = LaunchScreen;
				INFOPLIST_KEY_UISupportedInterfaceOrientations_iPad = "UIInterfaceOrientationPortrait UIInterfaceOrientationPortraitUpsideDown UIInterfaceOrientationLandscapeLeft UIInterfaceOrientationLandscapeRight";
				INFOPLIST_KEY_UISupportedInterfaceOrientations_iPhone = "UIInterfaceOrientationPortrait UIInterfaceOrientationLandscapeLeft UIInterfaceOrientationLandscapeRight";
				LD_RUNPATH_SEARCH_PATHS = (
					"$(inherited)",
					"@executable_path/Frameworks",
				);
				MARKETING_VERSION = 1.0;
				PRODUCT_BUNDLE_IDENTIFIER = dsg.dic;
				PRODUCT_NAME = "$(TARGET_NAME)";
				SWIFT_EMIT_LOC_STRINGS = YES;
				SWIFT_VERSION = 5.0;
				TARGETED_DEVICE_FAMILY = "1,2";
			};
			name = Release;
		};
		D26964992A8E27F9002B3EAC /* Debug */ = {
			isa = XCBuildConfiguration;
			buildSettings = {
				ALWAYS_EMBED_SWIFT_STANDARD_LIBRARIES = YES;
				BUNDLE_LOADER = "$(TEST_HOST)";
				CODE_SIGN_STYLE = Automatic;
				CURRENT_PROJECT_VERSION = 1;
				DEVELOPMENT_TEAM = JB68VP3JNR;
				GENERATE_INFOPLIST_FILE = YES;
				IPHONEOS_DEPLOYMENT_TARGET = 16.2;
				MARKETING_VERSION = 1.0;
				PRODUCT_BUNDLE_IDENTIFIER = dsg.dicTests;
				PRODUCT_NAME = "$(TARGET_NAME)";
				SWIFT_EMIT_LOC_STRINGS = NO;
				SWIFT_VERSION = 5.0;
				TARGETED_DEVICE_FAMILY = "1,2";
				TEST_HOST = "$(BUILT_PRODUCTS_DIR)/dic.app/$(BUNDLE_EXECUTABLE_FOLDER_PATH)/dic";
			};
			name = Debug;
		};
		D269649A2A8E27F9002B3EAC /* Release */ = {
			isa = XCBuildConfiguration;
			buildSettings = {
				ALWAYS_EMBED_SWIFT_STANDARD_LIBRARIES = YES;
				BUNDLE_LOADER = "$(TEST_HOST)";
				CODE_SIGN_STYLE = Automatic;
				CURRENT_PROJECT_VERSION = 1;
				DEVELOPMENT_TEAM = JB68VP3JNR;
				GENERATE_INFOPLIST_FILE = YES;
				IPHONEOS_DEPLOYMENT_TARGET = 16.2;
				MARKETING_VERSION = 1.0;
				PRODUCT_BUNDLE_IDENTIFIER = dsg.dicTests;
				PRODUCT_NAME = "$(TARGET_NAME)";
				SWIFT_EMIT_LOC_STRINGS = NO;
				SWIFT_VERSION = 5.0;
				TARGETED_DEVICE_FAMILY = "1,2";
				TEST_HOST = "$(BUILT_PRODUCTS_DIR)/dic.app/$(BUNDLE_EXECUTABLE_FOLDER_PATH)/dic";
			};
			name = Release;
		};
		D269649C2A8E27F9002B3EAC /* Debug */ = {
			isa = XCBuildConfiguration;
			buildSettings = {
				ALWAYS_EMBED_SWIFT_STANDARD_LIBRARIES = YES;
				CODE_SIGN_STYLE = Automatic;
				CURRENT_PROJECT_VERSION = 1;
				DEVELOPMENT_TEAM = JB68VP3JNR;
				GENERATE_INFOPLIST_FILE = YES;
				MARKETING_VERSION = 1.0;
				PRODUCT_BUNDLE_IDENTIFIER = dsg.dicUITests;
				PRODUCT_NAME = "$(TARGET_NAME)";
				SWIFT_EMIT_LOC_STRINGS = NO;
				SWIFT_VERSION = 5.0;
				TARGETED_DEVICE_FAMILY = "1,2";
				TEST_TARGET_NAME = dic;
			};
			name = Debug;
		};
		D269649D2A8E27F9002B3EAC /* Release */ = {
			isa = XCBuildConfiguration;
			buildSettings = {
				ALWAYS_EMBED_SWIFT_STANDARD_LIBRARIES = YES;
				CODE_SIGN_STYLE = Automatic;
				CURRENT_PROJECT_VERSION = 1;
				DEVELOPMENT_TEAM = JB68VP3JNR;
				GENERATE_INFOPLIST_FILE = YES;
				MARKETING_VERSION = 1.0;
				PRODUCT_BUNDLE_IDENTIFIER = dsg.dicUITests;
				PRODUCT_NAME = "$(TARGET_NAME)";
				SWIFT_EMIT_LOC_STRINGS = NO;
				SWIFT_VERSION = 5.0;
				TARGETED_DEVICE_FAMILY = "1,2";
				TEST_TARGET_NAME = dic;
			};
			name = Release;
		};
/* End XCBuildConfiguration section */

/* Begin XCConfigurationList section */
		D26964662A8E27F7002B3EAC /* Build configuration list for PBXProject "dic" */ = {
			isa = XCConfigurationList;
			buildConfigurations = (
				D26964932A8E27F9002B3EAC /* Debug */,
				D26964942A8E27F9002B3EAC /* Release */,
			);
			defaultConfigurationIsVisible = 0;
			defaultConfigurationName = Release;
		};
		D26964952A8E27F9002B3EAC /* Build configuration list for PBXNativeTarget "dic" */ = {
			isa = XCConfigurationList;
			buildConfigurations = (
				D26964962A8E27F9002B3EAC /* Debug */,
				D26964972A8E27F9002B3EAC /* Release */,
			);
			defaultConfigurationIsVisible = 0;
			defaultConfigurationName = Release;
		};
		D26964982A8E27F9002B3EAC /* Build configuration list for PBXNativeTarget "dicTests" */ = {
			isa = XCConfigurationList;
			buildConfigurations = (
				D26964992A8E27F9002B3EAC /* Debug */,
				D269649A2A8E27F9002B3EAC /* Release */,
			);
			defaultConfigurationIsVisible = 0;
			defaultConfigurationName = Release;
		};
		D269649B2A8E27F9002B3EAC /* Build configuration list for PBXNativeTarget "dicUITests" */ = {
			isa = XCConfigurationList;
			buildConfigurations = (
				D269649C2A8E27F9002B3EAC /* Debug */,
				D269649D2A8E27F9002B3EAC /* Release */,
			);
			defaultConfigurationIsVisible = 0;
			defaultConfigurationName = Release;
		};
/* End XCConfigurationList section */

/* Begin XCRemoteSwiftPackageReference section */
		D269649E2A8E283A002B3EAC /* XCRemoteSwiftPackageReference "SnapKit" */ = {
			isa = XCRemoteSwiftPackageReference;
			repositoryURL = "https://github.com/SnapKit/SnapKit.git";
			requirement = {
				kind = upToNextMajorVersion;
				minimumVersion = 5.0.0;
			};
		};
		D26964A12A8E2849002B3EAC /* XCRemoteSwiftPackageReference "Alamofire" */ = {
			isa = XCRemoteSwiftPackageReference;
			repositoryURL = "https://github.com/Alamofire/Alamofire.git";
			requirement = {
				kind = upToNextMajorVersion;
				minimumVersion = 5.0.0;
			};
		};
/* End XCRemoteSwiftPackageReference section */

/* Begin XCSwiftPackageProductDependency section */
		D269649F2A8E283A002B3EAC /* SnapKit */ = {
			isa = XCSwiftPackageProductDependency;
			package = D269649E2A8E283A002B3EAC /* XCRemoteSwiftPackageReference "SnapKit" */;
			productName = SnapKit;
		};
		D26964A22A8E2849002B3EAC /* Alamofire */ = {
			isa = XCSwiftPackageProductDependency;
			package = D26964A12A8E2849002B3EAC /* XCRemoteSwiftPackageReference "Alamofire" */;
			productName = Alamofire;
		};
/* End XCSwiftPackageProductDependency section */
	};
	rootObject = D26964632A8E27F7002B3EAC /* Project object */;
}
